
Microsoft Visual Studio Solution File, Format Version 12.00
# Visual Studio 14
VisualStudioVersion = 14.0.23107.0
MinimumVisualStudioVersion = 10.0.40219.1
Project("{FAE04EC0-301F-11D3-BF4B-00C04F79EFBC}") = "TechProblem", "WpfApplication1\TechProblem.csproj", "{B930FBA0-F021-4298-9D29-161AF490937B}"
EndProject
Global
	GlobalSection(SolutionConfigurationPlatforms) = preSolution
		Debug|Any CPU = Debug|Any CPU
		Release|Any CPU = Release|Any CPU
	EndGlobalSection
	GlobalSection(ProjectConfigurationPlatforms) = postSolution
		{B930FBA0-F021-4298-9D29-161AF490937B}.Debug|Any CPU.ActiveCfg = Debug|Any CPU
		{B930FBA0-F021-4298-9D29-161AF490937B}.Debug|Any CPU.Build.0 = Debug|Any CPU
		{B930FBA0-F021-4298-9D29-161AF490937B}.Release|Any CPU.ActiveCfg = Release|Any CPU
		{B930FBA0-F021-4298-9D29-161AF490937B}.Release|Any CPU.Build.0 = Release|Any CPU
	EndGlobalSection
	GlobalSection(SolutionProperties) = preSolution
		HideSolutionNode = FALSE
	EndGlobalSection
EndGlobal
